
Microsoft Visual Studio Solution File, Format Version 12.00
# Visual Studio Version 17
VisualStudioVersion = 17.5.2.0
MinimumVisualStudioVersion = 10.0.40219.1
Project("{FAE04EC0-301F-11D3-BF4B-00C04F79EFBC}") = "PostgresMcpServer", "PostgresMcpServer.csproj", "{ADB9366F-C5B8-E666-2C1B-4FAD16D58A30}"
EndProject
Project("{2150E333-8FDC-42A3-9474-1A3956D46DE8}") = "tests", "tests", "{0AB3BF05-4346-4AA6-1389-037BE0695223}"
EndProject
Project("{FAE04EC0-301F-11D3-BF4B-00C04F79EFBC}") = "PostgresMcpServer.Tests", "tests\PostgresMcpServer.Tests\PostgresMcpServer.Tests.csproj", "{5FED9171-D9A9-436C-BC97-F250FC0EB612}"
EndProject
Project("{FAE04EC0-301F-11D3-BF4B-00C04F79EFBC}") = "PostgresMcpServer.IntegrationTests", "tests\PostgresMcpServer.IntegrationTests\PostgresMcpServer.IntegrationTests.csproj", "{BC15F022-1066-4992-8F3F-8848BC07CAE9}"
EndProject
Global
	GlobalSection(SolutionConfigurationPlatforms) = preSolution
		Debug|Any CPU = Debug|Any CPU
		Debug|x64 = Debug|x64
		Debug|x86 = Debug|x86
		Release|Any CPU = Release|Any CPU
		Release|x64 = Release|x64
		Release|x86 = Release|x86
	EndGlobalSection
	GlobalSection(ProjectConfigurationPlatforms) = postSolution
		{ADB9366F-C5B8-E666-2C1B-4FAD16D58A30}.Debug|Any CPU.ActiveCfg = Debug|Any CPU
		{ADB9366F-C5B8-E666-2C1B-4FAD16D58A30}.Debug|Any CPU.Build.0 = Debug|Any CPU
		{ADB9366F-C5B8-E666-2C1B-4FAD16D58A30}.Debug|x64.ActiveCfg = Debug|Any CPU
		{ADB9366F-C5B8-E666-2C1B-4FAD16D58A30}.Debug|x64.Build.0 = Debug|Any CPU
		{ADB9366F-C5B8-E666-2C1B-4FAD16D58A30}.Debug|x86.ActiveCfg = Debug|Any CPU
		{ADB9366F-C5B8-E666-2C1B-4FAD16D58A30}.Debug|x86.Build.0 = Debug|Any CPU
		{ADB9366F-C5B8-E666-2C1B-4FAD16D58A30}.Release|Any CPU.ActiveCfg = Release|Any CPU
		{ADB9366F-C5B8-E666-2C1B-4FAD16D58A30}.Release|Any CPU.Build.0 = Release|Any CPU
		{ADB9366F-C5B8-E666-2C1B-4FAD16D58A30}.Release|x64.ActiveCfg = Release|Any CPU
		{ADB9366F-C5B8-E666-2C1B-4FAD16D58A30}.Release|x64.Build.0 = Release|Any CPU
		{ADB9366F-C5B8-E666-2C1B-4FAD16D58A30}.Release|x86.ActiveCfg = Release|Any CPU
		{ADB9366F-C5B8-E666-2C1B-4FAD16D58A30}.Release|x86.Build.0 = Release|Any CPU
		{5FED9171-D9A9-436C-BC97-F250FC0EB612}.Debug|Any CPU.ActiveCfg = Debug|Any CPU
		{5FED9171-D9A9-436C-BC97-F250FC0EB612}.Debug|Any CPU.Build.0 = Debug|Any CPU
		{5FED9171-D9A9-436C-BC97-F250FC0EB612}.Debug|x64.ActiveCfg = Debug|Any CPU
		{5FED9171-D9A9-436C-BC97-F250FC0EB612}.Debug|x64.Build.0 = Debug|Any CPU
		{5FED9171-D9A9-436C-BC97-F250FC0EB612}.Debug|x86.ActiveCfg = Debug|Any CPU
		{5FED9171-D9A9-436C-BC97-F250FC0EB612}.Debug|x86.Build.0 = Debug|Any CPU
		{5FED9171-D9A9-436C-BC97-F250FC0EB612}.Release|Any CPU.ActiveCfg = Release|Any CPU
		{5FED9171-D9A9-436C-BC97-F250FC0EB612}.Release|Any CPU.Build.0 = Release|Any CPU
		{5FED9171-D9A9-436C-BC97-F250FC0EB612}.Release|x64.ActiveCfg = Release|Any CPU
		{5FED9171-D9A9-436C-BC97-F250FC0EB612}.Release|x64.Build.0 = Release|Any CPU
		{5FED9171-D9A9-436C-BC97-F250FC0EB612}.Release|x86.ActiveCfg = Release|Any CPU
		{5FED9171-D9A9-436C-BC97-F250FC0EB612}.Release|x86.Build.0 = Release|Any CPU
		{BC15F022-1066-4992-8F3F-8848BC07CAE9}.Debug|Any CPU.ActiveCfg = Debug|Any CPU
		{BC15F022-1066-4992-8F3F-8848BC07CAE9}.Debug|Any CPU.Build.0 = Debug|Any CPU
		{BC15F022-1066-4992-8F3F-8848BC07CAE9}.Debug|x64.ActiveCfg = Debug|Any CPU
		{BC15F022-1066-4992-8F3F-8848BC07CAE9}.Debug|x64.Build.0 = Debug|Any CPU
		{BC15F022-1066-4992-8F3F-8848BC07CAE9}.Debug|x86.ActiveCfg = Debug|Any CPU
		{BC15F022-1066-4992-8F3F-8848BC07CAE9}.Debug|x86.Build.0 = Debug|Any CPU
		{BC15F022-1066-4992-8F3F-8848BC07CAE9}.Release|Any CPU.ActiveCfg = Release|Any CPU
		{BC15F022-1066-4992-8F3F-8848BC07CAE9}.Release|Any CPU.Build.0 = Release|Any CPU
		{BC15F022-1066-4992-8F3F-8848BC07CAE9}.Release|x64.ActiveCfg = Release|Any CPU
		{BC15F022-1066-4992-8F3F-8848BC07CAE9}.Release|x64.Build.0 = Release|Any CPU
		{BC15F022-1066-4992-8F3F-8848BC07CAE9}.Release|x86.ActiveCfg = Release|Any CPU
		{BC15F022-1066-4992-8F3F-8848BC07CAE9}.Release|x86.Build.0 = Release|Any CPU
	EndGlobalSection
	GlobalSection(SolutionProperties) = preSolution
		HideSolutionNode = FALSE
	EndGlobalSection
	GlobalSection(NestedProjects) = preSolution
		{5FED9171-D9A9-436C-BC97-F250FC0EB612} = {0AB3BF05-4346-4AA6-1389-037BE0695223}
		{BC15F022-1066-4992-8F3F-8848BC07CAE9} = {0AB3BF05-4346-4AA6-1389-037BE0695223}
	EndGlobalSection
	GlobalSection(ExtensibilityGlobals) = postSolution
		SolutionGuid = {1B65408A-D996-41D7-A774-8A7CA68E8589}
	EndGlobalSection
EndGlobal
